
Microsoft Visual Studio Solution File, Format Version 12.00
# Visual Studio 2013
VisualStudioVersion = 12.0.31101.0
MinimumVisualStudioVersion = 10.0.40219.1
Project("{FAE04EC0-301F-11D3-BF4B-00C04F79EFBC}") = "Voluntris", "Voluntris\Voluntris.csproj", "{9DA12216-20DE-4645-BB0D-8C1C3BD837E1}"
EndProject
Project("{FAE04EC0-301F-11D3-BF4B-00C04F79EFBC}") = "Voluntris.Tests", "Voluntris.Tests\Voluntris.Tests.csproj", "{235E9F08-D795-4DF9-B03F-AC727241646E}"
EndProject
Project("{F088123C-0E9E-452A-89E6-6BA2F21D5CAC}") = "DiagramaVoluntaris", "DiagramaVoluntaris\DiagramaVoluntaris.modelproj", "{6A957D1C-2560-4A0D-A9E6-CF0D5251C334}"
EndProject
Global
	GlobalSection(SolutionConfigurationPlatforms) = preSolution
		Debug|Any CPU = Debug|Any CPU
		Release|Any CPU = Release|Any CPU
	EndGlobalSection
	GlobalSection(ProjectConfigurationPlatforms) = postSolution
		{9DA12216-20DE-4645-BB0D-8C1C3BD837E1}.Debug|Any CPU.ActiveCfg = Debug|Any CPU
		{9DA12216-20DE-4645-BB0D-8C1C3BD837E1}.Debug|Any CPU.Build.0 = Debug|Any CPU
		{9DA12216-20DE-4645-BB0D-8C1C3BD837E1}.Release|Any CPU.ActiveCfg = Release|Any CPU
		{9DA12216-20DE-4645-BB0D-8C1C3BD837E1}.Release|Any CPU.Build.0 = Release|Any CPU
		{235E9F08-D795-4DF9-B03F-AC727241646E}.Debug|Any CPU.ActiveCfg = Debug|Any CPU
		{235E9F08-D795-4DF9-B03F-AC727241646E}.Debug|Any CPU.Build.0 = Debug|Any CPU
		{235E9F08-D795-4DF9-B03F-AC727241646E}.Release|Any CPU.ActiveCfg = Release|Any CPU
		{235E9F08-D795-4DF9-B03F-AC727241646E}.Release|Any CPU.Build.0 = Release|Any CPU
		{6A957D1C-2560-4A0D-A9E6-CF0D5251C334}.Debug|Any CPU.ActiveCfg = Debug|Any CPU
		{6A957D1C-2560-4A0D-A9E6-CF0D5251C334}.Debug|Any CPU.Build.0 = Debug|Any CPU
		{6A957D1C-2560-4A0D-A9E6-CF0D5251C334}.Release|Any CPU.ActiveCfg = Release|Any CPU
		{6A957D1C-2560-4A0D-A9E6-CF0D5251C334}.Release|Any CPU.Build.0 = Release|Any CPU
	EndGlobalSection
	GlobalSection(SolutionProperties) = preSolution
		HideSolutionNode = FALSE
	EndGlobalSection
EndGlobal
